
Microsoft Visual Studio Solution File, Format Version 12.00
# Visual Studio Version 17
VisualStudioVersion = 17.10.34916.146
MinimumVisualStudioVersion = 10.0.40219.1
Project("{9A19103F-16F7-4668-BE54-9A1E7A4F7556}") = "TwitterUala", "TwitterUala.csproj", "{7C7B3680-3C0B-4150-B079-11111F2817ED}"
EndProject
Project("{9A19103F-16F7-4668-BE54-9A1E7A4F7556}") = "TwitterUala.Application", "..\TwitterUala.Application\TwitterUala.Application.csproj", "{242E4E1F-A277-4F77-8734-1D0F53FCE6AF}"
EndProject
Project("{9A19103F-16F7-4668-BE54-9A1E7A4F7556}") = "TwitterUala.Domain", "..\TwitterUala.Domain\TwitterUala.Domain.csproj", "{5CC764D5-2896-48B5-912D-F42FE0EF4847}"
EndProject
Project("{9A19103F-16F7-4668-BE54-9A1E7A4F7556}") = "TwitterUala.Infrastructure", "..\TwitterUala.Infrastructure\TwitterUala.Infrastructure.csproj", "{4DCC4A09-3436-4508-922E-493E76BF5CDD}"
EndProject
Project("{FAE04EC0-301F-11D3-BF4B-00C04F79EFBC}") = "TwitterUalaTest", "..\TwitterUalaTest\TwitterUalaTest.csproj", "{70D78154-BC68-4E8D-94FF-1A434BC88E60}"
EndProject
Global
	GlobalSection(SolutionConfigurationPlatforms) = preSolution
		Debug|Any CPU = Debug|Any CPU
		Release|Any CPU = Release|Any CPU
	EndGlobalSection
	GlobalSection(ProjectConfigurationPlatforms) = postSolution
		{7C7B3680-3C0B-4150-B079-11111F2817ED}.Debug|Any CPU.ActiveCfg = Debug|Any CPU
		{7C7B3680-3C0B-4150-B079-11111F2817ED}.Debug|Any CPU.Build.0 = Debug|Any CPU
		{7C7B3680-3C0B-4150-B079-11111F2817ED}.Release|Any CPU.ActiveCfg = Release|Any CPU
		{7C7B3680-3C0B-4150-B079-11111F2817ED}.Release|Any CPU.Build.0 = Release|Any CPU
		{242E4E1F-A277-4F77-8734-1D0F53FCE6AF}.Debug|Any CPU.ActiveCfg = Debug|Any CPU
		{242E4E1F-A277-4F77-8734-1D0F53FCE6AF}.Debug|Any CPU.Build.0 = Debug|Any CPU
		{242E4E1F-A277-4F77-8734-1D0F53FCE6AF}.Release|Any CPU.ActiveCfg = Release|Any CPU
		{242E4E1F-A277-4F77-8734-1D0F53FCE6AF}.Release|Any CPU.Build.0 = Release|Any CPU
		{5CC764D5-2896-48B5-912D-F42FE0EF4847}.Debug|Any CPU.ActiveCfg = Debug|Any CPU
		{5CC764D5-2896-48B5-912D-F42FE0EF4847}.Debug|Any CPU.Build.0 = Debug|Any CPU
		{5CC764D5-2896-48B5-912D-F42FE0EF4847}.Release|Any CPU.ActiveCfg = Release|Any CPU
		{5CC764D5-2896-48B5-912D-F42FE0EF4847}.Release|Any CPU.Build.0 = Release|Any CPU
		{4DCC4A09-3436-4508-922E-493E76BF5CDD}.Debug|Any CPU.ActiveCfg = Debug|Any CPU
		{4DCC4A09-3436-4508-922E-493E76BF5CDD}.Debug|Any CPU.Build.0 = Debug|Any CPU
		{4DCC4A09-3436-4508-922E-493E76BF5CDD}.Release|Any CPU.ActiveCfg = Release|Any CPU
		{4DCC4A09-3436-4508-922E-493E76BF5CDD}.Release|Any CPU.Build.0 = Release|Any CPU
		{70D78154-BC68-4E8D-94FF-1A434BC88E60}.Debug|Any CPU.ActiveCfg = Debug|Any CPU
		{70D78154-BC68-4E8D-94FF-1A434BC88E60}.Debug|Any CPU.Build.0 = Debug|Any CPU
		{70D78154-BC68-4E8D-94FF-1A434BC88E60}.Release|Any CPU.ActiveCfg = Release|Any CPU
		{70D78154-BC68-4E8D-94FF-1A434BC88E60}.Release|Any CPU.Build.0 = Release|Any CPU
	EndGlobalSection
	GlobalSection(SolutionProperties) = preSolution
		HideSolutionNode = FALSE
	EndGlobalSection
	GlobalSection(ExtensibilityGlobals) = postSolution
		SolutionGuid = {83AB99FD-1115-4C75-AC67-69C0C72C853D}
	EndGlobalSection
EndGlobal
